
Microsoft Visual Studio Solution File, Format Version 12.00
# Visual Studio 15
Project("{FAE04EC0-301F-11D3-BF4B-00C04F79EFBC}") = "Assembly-CSharp", "Assembly-CSharp.csproj", "{7B3E07EF-7903-7C30-49FC-376C6ED687DE}"
EndProject
Project("{FAE04EC0-301F-11D3-BF4B-00C04F79EFBC}") = "Assembly-CSharp-Editor", "Assembly-CSharp-Editor.csproj", "{8C5A32C7-1665-5BB5-BD3F-7DB6D1D27865}"
EndProject
Global
	GlobalSection(SolutionConfigurationPlatforms) = preSolution
		Debug|Any CPU = Debug|Any CPU
		Release|Any CPU = Release|Any CPU
	EndGlobalSection
	GlobalSection(ProjectConfigurationPlatforms) = postSolution
		{7B3E07EF-7903-7C30-49FC-376C6ED687DE}.Debug|Any CPU.ActiveCfg = Debug|Any CPU
		{7B3E07EF-7903-7C30-49FC-376C6ED687DE}.Debug|Any CPU.Build.0 = Debug|Any CPU
		{7B3E07EF-7903-7C30-49FC-376C6ED687DE}.Release|Any CPU.ActiveCfg = Release|Any CPU
		{7B3E07EF-7903-7C30-49FC-376C6ED687DE}.Release|Any CPU.Build.0 = Release|Any CPU
		{8C5A32C7-1665-5BB5-BD3F-7DB6D1D27865}.Debug|Any CPU.ActiveCfg = Debug|Any CPU
		{8C5A32C7-1665-5BB5-BD3F-7DB6D1D27865}.Debug|Any CPU.Build.0 = Debug|Any CPU
		{8C5A32C7-1665-5BB5-BD3F-7DB6D1D27865}.Release|Any CPU.ActiveCfg = Release|Any CPU
		{8C5A32C7-1665-5BB5-BD3F-7DB6D1D27865}.Release|Any CPU.Build.0 = Release|Any CPU
	EndGlobalSection
	GlobalSection(SolutionProperties) = preSolution
		HideSolutionNode = FALSE
	EndGlobalSection
EndGlobal
